// !$*UTF8*$!
{
	archiveVersion = 1;
	classes = {
	};
	objectVersion = 52;
	objects = {

/* Begin PBXBuildFile section */
		E21E8BD525A4A4A200CDCC11 /* CommonTest.swift in Sources */ = {isa = PBXBuildFile; fileRef = E21E8BD425A4A4A200CDCC11 /* CommonTest.swift */; };
		E21E8BDD25A4AA7A00CDCC11 /* BDDTest.swift in Sources */ = {isa = PBXBuildFile; fileRef = E21E8BDC25A4AA7A00CDCC11 /* BDDTest.swift */; };
		E21E8BE125A4D7FF00CDCC11 /* ReportHelpers.swift in Sources */ = {isa = PBXBuildFile; fileRef = E21E8BE025A4D7FF00CDCC11 /* ReportHelpers.swift */; };
		E21E8BE525A4DBE400CDCC11 /* StepsHelper.swift in Sources */ = {isa = PBXBuildFile; fileRef = E21E8BE425A4DBE400CDCC11 /* StepsHelper.swift */; };
		E21E8BEB25A4EA4800CDCC11 /* TabBarBlock.swift in Sources */ = {isa = PBXBuildFile; fileRef = E21E8BEA25A4EA4800CDCC11 /* TabBarBlock.swift */; };
		E21F825B25DC24E0002708A8 /* DebugTests.swift in Sources */ = {isa = PBXBuildFile; fileRef = E21F825A25DC24E0002708A8 /* DebugTests.swift */; };
		E21F825F25DC419C002708A8 /* MoviesPage.swift in Sources */ = {isa = PBXBuildFile; fileRef = E21F825E25DC419C002708A8 /* MoviesPage.swift */; };
		E21F826525DC41E3002708A8 /* SearchPage.swift in Sources */ = {isa = PBXBuildFile; fileRef = E21F826425DC41E3002708A8 /* SearchPage.swift */; };
		E21F826B25DC4867002708A8 /* NavigationBarBlock.swift in Sources */ = {isa = PBXBuildFile; fileRef = E21F826A25DC4867002708A8 /* NavigationBarBlock.swift */; };
		E24CD2F325B0645B00EAF2BE /* Page.swift in Sources */ = {isa = PBXBuildFile; fileRef = E24CD2F225B0645B00EAF2BE /* Page.swift */; };
		E24CD2F925B0659800EAF2BE /* UITestConstants.swift in Sources */ = {isa = PBXBuildFile; fileRef = E24CD2F825B0659800EAF2BE /* UITestConstants.swift */; };
		E24CD2FD25B0661E00EAF2BE /* XCUIApplication+Tools.swift in Sources */ = {isa = PBXBuildFile; fileRef = E24CD2FC25B0661E00EAF2BE /* XCUIApplication+Tools.swift */; };
		E24CD30125B0670F00EAF2BE /* UIElements.swift in Sources */ = {isa = PBXBuildFile; fileRef = E24CD30025B0670F00EAF2BE /* UIElements.swift */; };
		E24CD30525B0675A00EAF2BE /* UIElementPage.swift in Sources */ = {isa = PBXBuildFile; fileRef = E24CD30425B0675A00EAF2BE /* UIElementPage.swift */; };
		E263E46D25239CBA00BB1C9B /* AppDelegate.swift in Sources */ = {isa = PBXBuildFile; fileRef = E263E46C25239CBA00BB1C9B /* AppDelegate.swift */; };
		E263E46F25239CBA00BB1C9B /* SceneDelegate.swift in Sources */ = {isa = PBXBuildFile; fileRef = E263E46E25239CBA00BB1C9B /* SceneDelegate.swift */; };
		E263E47125239CBA00BB1C9B /* ViewController.swift in Sources */ = {isa = PBXBuildFile; fileRef = E263E47025239CBA00BB1C9B /* ViewController.swift */; };
		E263E47425239CBA00BB1C9B /* Main.storyboard in Resources */ = {isa = PBXBuildFile; fileRef = E263E47225239CBA00BB1C9B /* Main.storyboard */; };
		E263E47625239CBB00BB1C9B /* Assets.xcassets in Resources */ = {isa = PBXBuildFile; fileRef = E263E47525239CBB00BB1C9B /* Assets.xcassets */; };
		E263E47925239CBB00BB1C9B /* LaunchScreen.storyboard in Resources */ = {isa = PBXBuildFile; fileRef = E263E47725239CBB00BB1C9B /* LaunchScreen.storyboard */; };
		E263E48325239CF200BB1C9B /* MainTabVC.swift in Sources */ = {isa = PBXBuildFile; fileRef = E263E48125239CF200BB1C9B /* MainTabVC.swift */; };
		E263E48425239CF200BB1C9B /* MainTabVC.xib in Resources */ = {isa = PBXBuildFile; fileRef = E263E48225239CF200BB1C9B /* MainTabVC.xib */; };
		E263E48925239E6C00BB1C9B /* MoviesListVC.swift in Sources */ = {isa = PBXBuildFile; fileRef = E263E48725239E6C00BB1C9B /* MoviesListVC.swift */; };
		E263E48A25239E6C00BB1C9B /* MoviesListVC.xib in Resources */ = {isa = PBXBuildFile; fileRef = E263E48825239E6C00BB1C9B /* MoviesListVC.xib */; };
		E263E49025239EBF00BB1C9B /* SearchVC.swift in Sources */ = {isa = PBXBuildFile; fileRef = E263E48E25239EBF00BB1C9B /* SearchVC.swift */; };
		E263E49125239EBF00BB1C9B /* SearchVC.xib in Resources */ = {isa = PBXBuildFile; fileRef = E263E48F25239EBF00BB1C9B /* SearchVC.xib */; };
		E263E4962523A29600BB1C9B /* IMoviesListPresenter.swift in Sources */ = {isa = PBXBuildFile; fileRef = E263E4952523A29600BB1C9B /* IMoviesListPresenter.swift */; };
		E263E49A2523A32500BB1C9B /* MoviesListPresenter.swift in Sources */ = {isa = PBXBuildFile; fileRef = E263E4992523A32500BB1C9B /* MoviesListPresenter.swift */; };
		E263E49D2523A3A800BB1C9B /* IMoviesListView.swift in Sources */ = {isa = PBXBuildFile; fileRef = E263E49C2523A3A800BB1C9B /* IMoviesListView.swift */; };
		E263E4A22523AA6700BB1C9B /* MoviesViewCell.swift in Sources */ = {isa = PBXBuildFile; fileRef = E263E4A02523AA6700BB1C9B /* MoviesViewCell.swift */; };
		E263E4A32523AA6700BB1C9B /* MoviesViewCell.xib in Resources */ = {isa = PBXBuildFile; fileRef = E263E4A12523AA6700BB1C9B /* MoviesViewCell.xib */; };
		E263E4A82529AAF300BB1C9B /* MoviesItem.swift in Sources */ = {isa = PBXBuildFile; fileRef = E263E4A72529AAF300BB1C9B /* MoviesItem.swift */; };
		E263E4AB2529AC0E00BB1C9B /* MoviesList.swift in Sources */ = {isa = PBXBuildFile; fileRef = E263E4AA2529AC0E00BB1C9B /* MoviesList.swift */; };
		E263E4B02529AD7700BB1C9B /* MoviesService.swift in Sources */ = {isa = PBXBuildFile; fileRef = E263E4AF2529AD7700BB1C9B /* MoviesService.swift */; };
		E263E4B42529AF7200BB1C9B /* NetworkService.swift in Sources */ = {isa = PBXBuildFile; fileRef = E263E4B32529AF7200BB1C9B /* NetworkService.swift */; };
		E263E4B82529AFCB00BB1C9B /* NetworkConfig.swift in Sources */ = {isa = PBXBuildFile; fileRef = E263E4B72529AFCB00BB1C9B /* NetworkConfig.swift */; };
		E282EFBF259A3B350075603E /* MoviesAdapter.swift in Sources */ = {isa = PBXBuildFile; fileRef = E282EFBE259A3B350075603E /* MoviesAdapter.swift */; };
		E282EFC3259A46520075603E /* Kingfisher in Frameworks */ = {isa = PBXBuildFile; productRef = E282EFC2259A46520075603E /* Kingfisher */; };
		E282EFC7259A47350075603E /* String+Url.swift in Sources */ = {isa = PBXBuildFile; fileRef = E282EFC6259A47350075603E /* String+Url.swift */; };
		E282EFCD259A4B630075603E /* IMoviesItemPresenter.swift in Sources */ = {isa = PBXBuildFile; fileRef = E282EFCC259A4B630075603E /* IMoviesItemPresenter.swift */; };
		E282EFD1259A4BF30075603E /* MoviesItemPresenter.swift in Sources */ = {isa = PBXBuildFile; fileRef = E282EFD0259A4BF30075603E /* MoviesItemPresenter.swift */; };
		E282EFD4259A4CF40075603E /* IMoviesItemView.swift in Sources */ = {isa = PBXBuildFile; fileRef = E282EFD3259A4CF40075603E /* IMoviesItemView.swift */; };
		E282EFD8259A4DD20075603E /* MoviesItemVC.swift in Sources */ = {isa = PBXBuildFile; fileRef = E282EFD6259A4DD20075603E /* MoviesItemVC.swift */; };
		E282EFD9259A4DD20075603E /* MoviesItemVC.xib in Resources */ = {isa = PBXBuildFile; fileRef = E282EFD7259A4DD20075603E /* MoviesItemVC.xib */; };
		E282EFDC259A54130075603E /* TableOwner.swift in Sources */ = {isa = PBXBuildFile; fileRef = E282EFDB259A54130075603E /* TableOwner.swift */; };
		E282EFDF259B0F820075603E /* ISearchListView.swift in Sources */ = {isa = PBXBuildFile; fileRef = E282EFDE259B0F820075603E /* ISearchListView.swift */; };
		E282EFE3259B11870075603E /* SearchListPresenter.swift in Sources */ = {isa = PBXBuildFile; fileRef = E282EFE2259B11870075603E /* SearchListPresenter.swift */; };
		E282EFE6259B11E40075603E /* ISearchListPresenter.swift in Sources */ = {isa = PBXBuildFile; fileRef = E282EFE5259B11E40075603E /* ISearchListPresenter.swift */; };
/* End PBXBuildFile section */

/* Begin PBXContainerItemProxy section */
		E21E8BC625A46AE900CDCC11 /* PBXContainerItemProxy */ = {
			isa = PBXContainerItemProxy;
			containerPortal = E263E46125239CBA00BB1C9B /* Project object */;
			proxyType = 1;
			remoteGlobalIDString = E263E46825239CBA00BB1C9B;
			remoteInfo = movie_db;
		};
/* End PBXContainerItemProxy section */

/* Begin PBXFileReference section */
		E21E8BC125A46AE900CDCC11 /* movie_dbUITests.xctest */ = {isa = PBXFileReference; explicitFileType = wrapper.cfbundle; includeInIndex = 0; path = movie_dbUITests.xctest; sourceTree = BUILT_PRODUCTS_DIR; };
		E21E8BC525A46AE900CDCC11 /* Info.plist */ = {isa = PBXFileReference; lastKnownFileType = text.plist.xml; path = Info.plist; sourceTree = "<group>"; };
		E21E8BD425A4A4A200CDCC11 /* CommonTest.swift */ = {isa = PBXFileReference; lastKnownFileType = sourcecode.swift; path = CommonTest.swift; sourceTree = "<group>"; };
		E21E8BDC25A4AA7A00CDCC11 /* BDDTest.swift */ = {isa = PBXFileReference; lastKnownFileType = sourcecode.swift; path = BDDTest.swift; sourceTree = "<group>"; };
		E21E8BE025A4D7FF00CDCC11 /* ReportHelpers.swift */ = {isa = PBXFileReference; lastKnownFileType = sourcecode.swift; path = ReportHelpers.swift; sourceTree = "<group>"; };
		E21E8BE425A4DBE400CDCC11 /* StepsHelper.swift */ = {isa = PBXFileReference; lastKnownFileType = sourcecode.swift; path = StepsHelper.swift; sourceTree = "<group>"; };
		E21E8BEA25A4EA4800CDCC11 /* TabBarBlock.swift */ = {isa = PBXFileReference; lastKnownFileType = sourcecode.swift; path = TabBarBlock.swift; sourceTree = "<group>"; };
		E21F825A25DC24E0002708A8 /* DebugTests.swift */ = {isa = PBXFileReference; lastKnownFileType = sourcecode.swift; path = DebugTests.swift; sourceTree = "<group>"; };
		E21F825E25DC419C002708A8 /* MoviesPage.swift */ = {isa = PBXFileReference; lastKnownFileType = sourcecode.swift; path = MoviesPage.swift; sourceTree = "<group>"; };
		E21F826425DC41E3002708A8 /* SearchPage.swift */ = {isa = PBXFileReference; lastKnownFileType = sourcecode.swift; path = SearchPage.swift; sourceTree = "<group>"; };
		E21F826A25DC4867002708A8 /* NavigationBarBlock.swift */ = {isa = PBXFileReference; lastKnownFileType = sourcecode.swift; path = NavigationBarBlock.swift; sourceTree = "<group>"; };
		E24CD2F225B0645B00EAF2BE /* Page.swift */ = {isa = PBXFileReference; lastKnownFileType = sourcecode.swift; path = Page.swift; sourceTree = "<group>"; };
		E24CD2F825B0659800EAF2BE /* UITestConstants.swift */ = {isa = PBXFileReference; lastKnownFileType = sourcecode.swift; path = UITestConstants.swift; sourceTree = "<group>"; };
		E24CD2FC25B0661E00EAF2BE /* XCUIApplication+Tools.swift */ = {isa = PBXFileReference; lastKnownFileType = sourcecode.swift; path = "XCUIApplication+Tools.swift"; sourceTree = "<group>"; };
		E24CD30025B0670F00EAF2BE /* UIElements.swift */ = {isa = PBXFileReference; lastKnownFileType = sourcecode.swift; path = UIElements.swift; sourceTree = "<group>"; };
		E24CD30425B0675A00EAF2BE /* UIElementPage.swift */ = {isa = PBXFileReference; lastKnownFileType = sourcecode.swift; path = UIElementPage.swift; sourceTree = "<group>"; };
		E263E46925239CBA00BB1C9B /* movie_db.app */ = {isa = PBXFileReference; explicitFileType = wrapper.application; includeInIndex = 0; path = movie_db.app; sourceTree = BUILT_PRODUCTS_DIR; };
		E263E46C25239CBA00BB1C9B /* AppDelegate.swift */ = {isa = PBXFileReference; lastKnownFileType = sourcecode.swift; path = AppDelegate.swift; sourceTree = "<group>"; };
		E263E46E25239CBA00BB1C9B /* SceneDelegate.swift */ = {isa = PBXFileReference; lastKnownFileType = sourcecode.swift; path = SceneDelegate.swift; sourceTree = "<group>"; };
		E263E47025239CBA00BB1C9B /* ViewController.swift */ = {isa = PBXFileReference; lastKnownFileType = sourcecode.swift; path = ViewController.swift; sourceTree = "<group>"; };
		E263E47325239CBA00BB1C9B /* Base */ = {isa = PBXFileReference; lastKnownFileType = file.storyboard; name = Base; path = Base.lproj/Main.storyboard; sourceTree = "<group>"; };
		E263E47525239CBB00BB1C9B /* Assets.xcassets */ = {isa = PBXFileReference; lastKnownFileType = folder.assetcatalog; path = Assets.xcassets; sourceTree = "<group>"; };
		E263E47825239CBB00BB1C9B /* Base */ = {isa = PBXFileReference; lastKnownFileType = file.storyboard; name = Base; path = Base.lproj/LaunchScreen.storyboard; sourceTree = "<group>"; };
		E263E47A25239CBB00BB1C9B /* Info.plist */ = {isa = PBXFileReference; lastKnownFileType = text.plist.xml; path = Info.plist; sourceTree = "<group>"; };
		E263E48125239CF200BB1C9B /* MainTabVC.swift */ = {isa = PBXFileReference; lastKnownFileType = sourcecode.swift; path = MainTabVC.swift; sourceTree = "<group>"; };
		E263E48225239CF200BB1C9B /* MainTabVC.xib */ = {isa = PBXFileReference; lastKnownFileType = file.xib; path = MainTabVC.xib; sourceTree = "<group>"; };
		E263E48725239E6C00BB1C9B /* MoviesListVC.swift */ = {isa = PBXFileReference; lastKnownFileType = sourcecode.swift; path = MoviesListVC.swift; sourceTree = "<group>"; };
		E263E48825239E6C00BB1C9B /* MoviesListVC.xib */ = {isa = PBXFileReference; lastKnownFileType = file.xib; path = MoviesListVC.xib; sourceTree = "<group>"; };
		E263E48E25239EBF00BB1C9B /* SearchVC.swift */ = {isa = PBXFileReference; lastKnownFileType = sourcecode.swift; path = SearchVC.swift; sourceTree = "<group>"; };
		E263E48F25239EBF00BB1C9B /* SearchVC.xib */ = {isa = PBXFileReference; lastKnownFileType = file.xib; path = SearchVC.xib; sourceTree = "<group>"; };
		E263E4952523A29600BB1C9B /* IMoviesListPresenter.swift */ = {isa = PBXFileReference; lastKnownFileType = sourcecode.swift; path = IMoviesListPresenter.swift; sourceTree = "<group>"; };
		E263E4992523A32500BB1C9B /* MoviesListPresenter.swift */ = {isa = PBXFileReference; lastKnownFileType = sourcecode.swift; path = MoviesListPresenter.swift; sourceTree = "<group>"; };
		E263E49C2523A3A800BB1C9B /* IMoviesListView.swift */ = {isa = PBXFileReference; lastKnownFileType = sourcecode.swift; path = IMoviesListView.swift; sourceTree = "<group>"; };
		E263E4A02523AA6700BB1C9B /* MoviesViewCell.swift */ = {isa = PBXFileReference; lastKnownFileType = sourcecode.swift; path = MoviesViewCell.swift; sourceTree = "<group>"; };
		E263E4A12523AA6700BB1C9B /* MoviesViewCell.xib */ = {isa = PBXFileReference; lastKnownFileType = file.xib; path = MoviesViewCell.xib; sourceTree = "<group>"; };
		E263E4A72529AAF300BB1C9B /* MoviesItem.swift */ = {isa = PBXFileReference; lastKnownFileType = sourcecode.swift; path = MoviesItem.swift; sourceTree = "<group>"; };
		E263E4AA2529AC0E00BB1C9B /* MoviesList.swift */ = {isa = PBXFileReference; lastKnownFileType = sourcecode.swift; path = MoviesList.swift; sourceTree = "<group>"; };
		E263E4AF2529AD7700BB1C9B /* MoviesService.swift */ = {isa = PBXFileReference; lastKnownFileType = sourcecode.swift; path = MoviesService.swift; sourceTree = "<group>"; };
		E263E4B32529AF7200BB1C9B /* NetworkService.swift */ = {isa = PBXFileReference; lastKnownFileType = sourcecode.swift; path = NetworkService.swift; sourceTree = "<group>"; };
		E263E4B72529AFCB00BB1C9B /* NetworkConfig.swift */ = {isa = PBXFileReference; lastKnownFileType = sourcecode.swift; path = NetworkConfig.swift; sourceTree = "<group>"; };
		E282EFBE259A3B350075603E /* MoviesAdapter.swift */ = {isa = PBXFileReference; lastKnownFileType = sourcecode.swift; path = MoviesAdapter.swift; sourceTree = "<group>"; };
		E282EFC6259A47350075603E /* String+Url.swift */ = {isa = PBXFileReference; lastKnownFileType = sourcecode.swift; path = "String+Url.swift"; sourceTree = "<group>"; };
		E282EFCC259A4B630075603E /* IMoviesItemPresenter.swift */ = {isa = PBXFileReference; lastKnownFileType = sourcecode.swift; path = IMoviesItemPresenter.swift; sourceTree = "<group>"; };
		E282EFD0259A4BF30075603E /* MoviesItemPresenter.swift */ = {isa = PBXFileReference; lastKnownFileType = sourcecode.swift; path = MoviesItemPresenter.swift; sourceTree = "<group>"; };
		E282EFD3259A4CF40075603E /* IMoviesItemView.swift */ = {isa = PBXFileReference; lastKnownFileType = sourcecode.swift; path = IMoviesItemView.swift; sourceTree = "<group>"; };
		E282EFD6259A4DD20075603E /* MoviesItemVC.swift */ = {isa = PBXFileReference; lastKnownFileType = sourcecode.swift; path = MoviesItemVC.swift; sourceTree = "<group>"; };
		E282EFD7259A4DD20075603E /* MoviesItemVC.xib */ = {isa = PBXFileReference; lastKnownFileType = file.xib; path = MoviesItemVC.xib; sourceTree = "<group>"; };
		E282EFDB259A54130075603E /* TableOwner.swift */ = {isa = PBXFileReference; lastKnownFileType = sourcecode.swift; path = TableOwner.swift; sourceTree = "<group>"; };
		E282EFDE259B0F820075603E /* ISearchListView.swift */ = {isa = PBXFileReference; lastKnownFileType = sourcecode.swift; path = ISearchListView.swift; sourceTree = "<group>"; };
		E282EFE2259B11870075603E /* SearchListPresenter.swift */ = {isa = PBXFileReference; fileEncoding = 4; lastKnownFileType = sourcecode.swift; name = SearchListPresenter.swift; path = movie_db/movies/presenter/SearchListPresenter.swift; sourceTree = SOURCE_ROOT; };
		E282EFE5259B11E40075603E /* ISearchListPresenter.swift */ = {isa = PBXFileReference; fileEncoding = 4; lastKnownFileType = sourcecode.swift; name = ISearchListPresenter.swift; path = movie_db/movies/presenter/ISearchListPresenter.swift; sourceTree = SOURCE_ROOT; };
/* End PBXFileReference section */

/* Begin PBXFrameworksBuildPhase section */
		E21E8BBE25A46AE900CDCC11 /* Frameworks */ = {
			isa = PBXFrameworksBuildPhase;
			buildActionMask = 2147483647;
			files = (
			);
			runOnlyForDeploymentPostprocessing = 0;
		};
		E263E46625239CBA00BB1C9B /* Frameworks */ = {
			isa = PBXFrameworksBuildPhase;
			buildActionMask = 2147483647;
			files = (
				E282EFC3259A46520075603E /* Kingfisher in Frameworks */,
			);
			runOnlyForDeploymentPostprocessing = 0;
		};
/* End PBXFrameworksBuildPhase section */

/* Begin PBXGroup section */
		E21E8BC225A46AE900CDCC11 /* movie_dbUITests */ = {
			isa = PBXGroup;
			children = (
				E24CD2ED25B063A500EAF2BE /* Common */,
				E21E8BF325AA2A1900CDCC11 /* PageObjects */,
				E21E8BF625AA2A9A00CDCC11 /* Tests */,
				E21E8BC525A46AE900CDCC11 /* Info.plist */,
			);
			path = movie_dbUITests;
			sourceTree = "<group>";
		};
		E21E8BF025AA29CA00CDCC11 /* BaseClass */ = {
			isa = PBXGroup;
			children = (
				E21E8BD425A4A4A200CDCC11 /* CommonTest.swift */,
			);
			path = BaseClass;
			sourceTree = "<group>";
		};
		E21E8BF325AA2A1900CDCC11 /* PageObjects */ = {
			isa = PBXGroup;
			children = (
				E24CD2F125B0643800EAF2BE /* Pages */,
				E24CD2F025B0642E00EAF2BE /* MainPage */,
			);
			path = PageObjects;
			sourceTree = "<group>";
		};
		E21E8BF625AA2A9A00CDCC11 /* Tests */ = {
			isa = PBXGroup;
			children = (
				E21E8BDC25A4AA7A00CDCC11 /* BDDTest.swift */,
				E21F825A25DC24E0002708A8 /* DebugTests.swift */,
			);
			path = Tests;
			sourceTree = "<group>";
		};
		E21E8BF725AA2AC100CDCC11 /* Extensions */ = {
			isa = PBXGroup;
			children = (
				E21E8BE425A4DBE400CDCC11 /* StepsHelper.swift */,
				E24CD2FC25B0661E00EAF2BE /* XCUIApplication+Tools.swift */,
			);
			path = Extensions;
			sourceTree = "<group>";
		};
		E24CD2EC25B0639400EAF2BE /* UITestConstants */ = {
			isa = PBXGroup;
			children = (
				E24CD2F825B0659800EAF2BE /* UITestConstants.swift */,
			);
			path = UITestConstants;
			sourceTree = "<group>";
		};
		E24CD2ED25B063A500EAF2BE /* Common */ = {
			isa = PBXGroup;
			children = (
				E2C7B61925BEAE3D00E40C61 /* Helpers */,
				E24CD2EF25B063FA00EAF2BE /* LaunchEnvironmentBuilder */,
				E24CD2EE25B063DE00EAF2BE /* NetworkHelpers */,
				E21E8BF025AA29CA00CDCC11 /* BaseClass */,
				E21E8BF725AA2AC100CDCC11 /* Extensions */,
				E24CD2EC25B0639400EAF2BE /* UITestConstants */,
			);
			path = Common;
			sourceTree = "<group>";
		};
		E24CD2EE25B063DE00EAF2BE /* NetworkHelpers */ = {
			isa = PBXGroup;
			children = (
			);
			path = NetworkHelpers;
			sourceTree = "<group>";
		};
		E24CD2EF25B063FA00EAF2BE /* LaunchEnvironmentBuilder */ = {
			isa = PBXGroup;
			children = (
			);
			path = LaunchEnvironmentBuilder;
			sourceTree = "<group>";
		};
		E24CD2F025B0642E00EAF2BE /* MainPage */ = {
			isa = PBXGroup;
			children = (
				E24CD2F225B0645B00EAF2BE /* Page.swift */,
				E24CD30025B0670F00EAF2BE /* UIElements.swift */,
				E24CD30425B0675A00EAF2BE /* UIElementPage.swift */,
			);
			path = MainPage;
			sourceTree = "<group>";
		};
		E24CD2F125B0643800EAF2BE /* Pages */ = {
			isa = PBXGroup;
			children = (
				E21E8BEA25A4EA4800CDCC11 /* TabBarBlock.swift */,
				E21F825E25DC419C002708A8 /* MoviesPage.swift */,
				E21F826425DC41E3002708A8 /* SearchPage.swift */,
				E21F826A25DC4867002708A8 /* NavigationBarBlock.swift */,
			);
			path = Pages;
			sourceTree = "<group>";
		};
		E263E46025239CBA00BB1C9B = {
			isa = PBXGroup;
			children = (
				E263E46B25239CBA00BB1C9B /* movie_db */,
				E21E8BC225A46AE900CDCC11 /* movie_dbUITests */,
				E263E46A25239CBA00BB1C9B /* Products */,
			);
			sourceTree = "<group>";
		};
		E263E46A25239CBA00BB1C9B /* Products */ = {
			isa = PBXGroup;
			children = (
				E263E46925239CBA00BB1C9B /* movie_db.app */,
				E21E8BC125A46AE900CDCC11 /* movie_dbUITests.xctest */,
			);
			name = Products;
			sourceTree = "<group>";
		};
		E263E46B25239CBA00BB1C9B /* movie_db */ = {
			isa = PBXGroup;
			children = (
				E282EFC5259A47130075603E /* util */,
				E263E4AD2529AD5100BB1C9B /* service */,
				E263E4A62529AADE00BB1C9B /* data */,
				E263E48D25239E8100BB1C9B /* search */,
				E263E48625239E0C00BB1C9B /* movies */,
				E263E46C25239CBA00BB1C9B /* AppDelegate.swift */,
				E263E46E25239CBA00BB1C9B /* SceneDelegate.swift */,
				E263E47025239CBA00BB1C9B /* ViewController.swift */,
				E263E47225239CBA00BB1C9B /* Main.storyboard */,
				E263E47525239CBB00BB1C9B /* Assets.xcassets */,
				E263E47725239CBB00BB1C9B /* LaunchScreen.storyboard */,
				E263E47A25239CBB00BB1C9B /* Info.plist */,
				E263E48125239CF200BB1C9B /* MainTabVC.swift */,
				E263E48225239CF200BB1C9B /* MainTabVC.xib */,
			);
			path = movie_db;
			sourceTree = "<group>";
		};
		E263E48625239E0C00BB1C9B /* movies */ = {
			isa = PBXGroup;
			children = (
				E282EFCA259A4B1F0075603E /* moviesItem */,
				E263E49F2523AA1200BB1C9B /* viewcell */,
				E263E4942523A23000BB1C9B /* presenter */,
				E263E48725239E6C00BB1C9B /* MoviesListVC.swift */,
				E263E48825239E6C00BB1C9B /* MoviesListVC.xib */,
				E263E49C2523A3A800BB1C9B /* IMoviesListView.swift */,
				E282EFBE259A3B350075603E /* MoviesAdapter.swift */,
			);
			path = movies;
			sourceTree = "<group>";
		};
		E263E48D25239E8100BB1C9B /* search */ = {
			isa = PBXGroup;
			children = (
				E282EFE1259B112C0075603E /* presenter */,
				E263E48E25239EBF00BB1C9B /* SearchVC.swift */,
				E263E48F25239EBF00BB1C9B /* SearchVC.xib */,
				E282EFDE259B0F820075603E /* ISearchListView.swift */,
			);
			path = search;
			sourceTree = "<group>";
		};
		E263E4942523A23000BB1C9B /* presenter */ = {
			isa = PBXGroup;
			children = (
				E263E4952523A29600BB1C9B /* IMoviesListPresenter.swift */,
				E263E4992523A32500BB1C9B /* MoviesListPresenter.swift */,
			);
			path = presenter;
			sourceTree = "<group>";
		};
		E263E49F2523AA1200BB1C9B /* viewcell */ = {
			isa = PBXGroup;
			children = (
				E263E4A02523AA6700BB1C9B /* MoviesViewCell.swift */,
				E263E4A12523AA6700BB1C9B /* MoviesViewCell.xib */,
			);
			path = viewcell;
			sourceTree = "<group>";
		};
		E263E4A62529AADE00BB1C9B /* data */ = {
			isa = PBXGroup;
			children = (
				E263E4A72529AAF300BB1C9B /* MoviesItem.swift */,
				E263E4AA2529AC0E00BB1C9B /* MoviesList.swift */,
			);
			path = data;
			sourceTree = "<group>";
		};
		E263E4AD2529AD5100BB1C9B /* service */ = {
			isa = PBXGroup;
			children = (
				E263E4B22529AF5400BB1C9B /* networkService */,
				E263E4AE2529AD6200BB1C9B /* moviesService */,
			);
			path = service;
			sourceTree = "<group>";
		};
		E263E4AE2529AD6200BB1C9B /* moviesService */ = {
			isa = PBXGroup;
			children = (
				E263E4AF2529AD7700BB1C9B /* MoviesService.swift */,
			);
			path = moviesService;
			sourceTree = "<group>";
		};
		E263E4B22529AF5400BB1C9B /* networkService */ = {
			isa = PBXGroup;
			children = (
				E263E4B32529AF7200BB1C9B /* NetworkService.swift */,
				E263E4B72529AFCB00BB1C9B /* NetworkConfig.swift */,
			);
			path = networkService;
			sourceTree = "<group>";
		};
		E282EFC5259A47130075603E /* util */ = {
			isa = PBXGroup;
			children = (
				E282EFC6259A47350075603E /* String+Url.swift */,
				E282EFDB259A54130075603E /* TableOwner.swift */,
			);
			path = util;
			sourceTree = "<group>";
		};
		E282EFCA259A4B1F0075603E /* moviesItem */ = {
			isa = PBXGroup;
			children = (
				E282EFCB259A4B360075603E /* presenter */,
				E282EFD3259A4CF40075603E /* IMoviesItemView.swift */,
				E282EFD6259A4DD20075603E /* MoviesItemVC.swift */,
				E282EFD7259A4DD20075603E /* MoviesItemVC.xib */,
			);
			path = moviesItem;
			sourceTree = "<group>";
		};
		E282EFCB259A4B360075603E /* presenter */ = {
			isa = PBXGroup;
			children = (
				E282EFCC259A4B630075603E /* IMoviesItemPresenter.swift */,
				E282EFD0259A4BF30075603E /* MoviesItemPresenter.swift */,
			);
			path = presenter;
			sourceTree = "<group>";
		};
		E282EFE1259B112C0075603E /* presenter */ = {
			isa = PBXGroup;
			children = (
				E282EFE5259B11E40075603E /* ISearchListPresenter.swift */,
				E282EFE2259B11870075603E /* SearchListPresenter.swift */,
			);
			path = presenter;
			sourceTree = "<group>";
		};
		E2C7B61925BEAE3D00E40C61 /* Helpers */ = {
			isa = PBXGroup;
			children = (
				E21E8BE025A4D7FF00CDCC11 /* ReportHelpers.swift */,
			);
			path = Helpers;
			sourceTree = "<group>";
		};
/* End PBXGroup section */

/* Begin PBXNativeTarget section */
		E21E8BC025A46AE900CDCC11 /* movie_dbUITests */ = {
			isa = PBXNativeTarget;
			buildConfigurationList = E21E8BC825A46AE900CDCC11 /* Build configuration list for PBXNativeTarget "movie_dbUITests" */;
			buildPhases = (
				E21E8BBD25A46AE900CDCC11 /* Sources */,
				E21E8BBE25A46AE900CDCC11 /* Frameworks */,
				E21E8BBF25A46AE900CDCC11 /* Resources */,
			);
			buildRules = (
			);
			dependencies = (
				E21E8BC725A46AE900CDCC11 /* PBXTargetDependency */,
			);
			name = movie_dbUITests;
			productName = movie_dbUITests;
			productReference = E21E8BC125A46AE900CDCC11 /* movie_dbUITests.xctest */;
			productType = "com.apple.product-type.bundle.ui-testing";
		};
		E263E46825239CBA00BB1C9B /* movie_db */ = {
			isa = PBXNativeTarget;
			buildConfigurationList = E263E47D25239CBB00BB1C9B /* Build configuration list for PBXNativeTarget "movie_db" */;
			buildPhases = (
				E263E46525239CBA00BB1C9B /* Sources */,
				E263E46625239CBA00BB1C9B /* Frameworks */,
				E263E46725239CBA00BB1C9B /* Resources */,
			);
			buildRules = (
			);
			dependencies = (
			);
			name = movie_db;
			packageProductDependencies = (
				E282EFC2259A46520075603E /* Kingfisher */,
			);
			productName = movie_db;
			productReference = E263E46925239CBA00BB1C9B /* movie_db.app */;
			productType = "com.apple.product-type.application";
		};
/* End PBXNativeTarget section */

/* Begin PBXProject section */
		E263E46125239CBA00BB1C9B /* Project object */ = {
			isa = PBXProject;
			attributes = {
				LastSwiftUpdateCheck = 1230;
				LastUpgradeCheck = 1200;
				TargetAttributes = {
					E21E8BC025A46AE900CDCC11 = {
						CreatedOnToolsVersion = 12.3;
						TestTargetID = E263E46825239CBA00BB1C9B;
					};
					E263E46825239CBA00BB1C9B = {
						CreatedOnToolsVersion = 12.0.1;
					};
				};
			};
			buildConfigurationList = E263E46425239CBA00BB1C9B /* Build configuration list for PBXProject "movie_db" */;
			compatibilityVersion = "Xcode 9.3";
			developmentRegion = en;
			hasScannedForEncodings = 0;
			knownRegions = (
				en,
				Base,
			);
			mainGroup = E263E46025239CBA00BB1C9B;
			packageReferences = (
				E282EFC1259A46520075603E /* XCRemoteSwiftPackageReference "Kingfisher" */,
			);
			productRefGroup = E263E46A25239CBA00BB1C9B /* Products */;
			projectDirPath = "";
			projectRoot = "";
			targets = (
				E263E46825239CBA00BB1C9B /* movie_db */,
				E21E8BC025A46AE900CDCC11 /* movie_dbUITests */,
			);
		};
/* End PBXProject section */

/* Begin PBXResourcesBuildPhase section */
		E21E8BBF25A46AE900CDCC11 /* Resources */ = {
			isa = PBXResourcesBuildPhase;
			buildActionMask = 2147483647;
			files = (
			);
			runOnlyForDeploymentPostprocessing = 0;
		};
		E263E46725239CBA00BB1C9B /* Resources */ = {
			isa = PBXResourcesBuildPhase;
			buildActionMask = 2147483647;
			files = (
				E263E47925239CBB00BB1C9B /* LaunchScreen.storyboard in Resources */,
				E263E48A25239E6C00BB1C9B /* MoviesListVC.xib in Resources */,
				E263E49125239EBF00BB1C9B /* SearchVC.xib in Resources */,
				E263E47625239CBB00BB1C9B /* Assets.xcassets in Resources */,
				E282EFD9259A4DD20075603E /* MoviesItemVC.xib in Resources */,
				E263E47425239CBA00BB1C9B /* Main.storyboard in Resources */,
				E263E48425239CF200BB1C9B /* MainTabVC.xib in Resources */,
				E263E4A32523AA6700BB1C9B /* MoviesViewCell.xib in Resources */,
			);
			runOnlyForDeploymentPostprocessing = 0;
		};
/* End PBXResourcesBuildPhase section */

/* Begin PBXSourcesBuildPhase section */
		E21E8BBD25A46AE900CDCC11 /* Sources */ = {
			isa = PBXSourcesBuildPhase;
			buildActionMask = 2147483647;
			files = (
				E21F825B25DC24E0002708A8 /* DebugTests.swift in Sources */,
				E24CD2FD25B0661E00EAF2BE /* XCUIApplication+Tools.swift in Sources */,
				E21E8BDD25A4AA7A00CDCC11 /* BDDTest.swift in Sources */,
				E21F825F25DC419C002708A8 /* MoviesPage.swift in Sources */,
				E24CD30525B0675A00EAF2BE /* UIElementPage.swift in Sources */,
				E21E8BE125A4D7FF00CDCC11 /* ReportHelpers.swift in Sources */,
				E21E8BEB25A4EA4800CDCC11 /* TabBarBlock.swift in Sources */,
				E24CD30125B0670F00EAF2BE /* UIElements.swift in Sources */,
				E24CD2F925B0659800EAF2BE /* UITestConstants.swift in Sources */,
				E21F826B25DC4867002708A8 /* NavigationBarBlock.swift in Sources */,
				E24CD2F325B0645B00EAF2BE /* Page.swift in Sources */,
				E21F826525DC41E3002708A8 /* SearchPage.swift in Sources */,
				E21E8BE525A4DBE400CDCC11 /* StepsHelper.swift in Sources */,
				E21E8BD525A4A4A200CDCC11 /* CommonTest.swift in Sources */,
			);
			runOnlyForDeploymentPostprocessing = 0;
		};
		E263E46525239CBA00BB1C9B /* Sources */ = {
			isa = PBXSourcesBuildPhase;
			buildActionMask = 2147483647;
			files = (
				E263E49025239EBF00BB1C9B /* SearchVC.swift in Sources */,
				E263E48925239E6C00BB1C9B /* MoviesListVC.swift in Sources */,
				E282EFBF259A3B350075603E /* MoviesAdapter.swift in Sources */,
				E263E4AB2529AC0E00BB1C9B /* MoviesList.swift in Sources */,
				E263E49D2523A3A800BB1C9B /* IMoviesListView.swift in Sources */,
				E282EFD8259A4DD20075603E /* MoviesItemVC.swift in Sources */,
				E282EFDC259A54130075603E /* TableOwner.swift in Sources */,
				E263E47125239CBA00BB1C9B /* ViewController.swift in Sources */,
				E263E49A2523A32500BB1C9B /* MoviesListPresenter.swift in Sources */,
				E263E4B42529AF7200BB1C9B /* NetworkService.swift in Sources */,
				E282EFCD259A4B630075603E /* IMoviesItemPresenter.swift in Sources */,
				E263E4A82529AAF300BB1C9B /* MoviesItem.swift in Sources */,
				E282EFE6259B11E40075603E /* ISearchListPresenter.swift in Sources */,
				E282EFD4259A4CF40075603E /* IMoviesItemView.swift in Sources */,
				E263E46D25239CBA00BB1C9B /* AppDelegate.swift in Sources */,
				E282EFE3259B11870075603E /* SearchListPresenter.swift in Sources */,
				E282EFDF259B0F820075603E /* ISearchListView.swift in Sources */,
				E263E46F25239CBA00BB1C9B /* SceneDelegate.swift in Sources */,
				E263E4A22523AA6700BB1C9B /* MoviesViewCell.swift in Sources */,
				E263E4B82529AFCB00BB1C9B /* NetworkConfig.swift in Sources */,
				E282EFC7259A47350075603E /* String+Url.swift in Sources */,
				E282EFD1259A4BF30075603E /* MoviesItemPresenter.swift in Sources */,
				E263E4B02529AD7700BB1C9B /* MoviesService.swift in Sources */,
				E263E4962523A29600BB1C9B /* IMoviesListPresenter.swift in Sources */,
				E263E48325239CF200BB1C9B /* MainTabVC.swift in Sources */,
			);
			runOnlyForDeploymentPostprocessing = 0;
		};
/* End PBXSourcesBuildPhase section */

/* Begin PBXTargetDependency section */
		E21E8BC725A46AE900CDCC11 /* PBXTargetDependency */ = {
			isa = PBXTargetDependency;
			target = E263E46825239CBA00BB1C9B /* movie_db */;
			targetProxy = E21E8BC625A46AE900CDCC11 /* PBXContainerItemProxy */;
		};
/* End PBXTargetDependency section */

/* Begin PBXVariantGroup section */
		E263E47225239CBA00BB1C9B /* Main.storyboard */ = {
			isa = PBXVariantGroup;
			children = (
				E263E47325239CBA00BB1C9B /* Base */,
			);
			name = Main.storyboard;
			sourceTree = "<group>";
		};
		E263E47725239CBB00BB1C9B /* LaunchScreen.storyboard */ = {
			isa = PBXVariantGroup;
			children = (
				E263E47825239CBB00BB1C9B /* Base */,
			);
			name = LaunchScreen.storyboard;
			sourceTree = "<group>";
		};
/* End PBXVariantGroup section */

/* Begin XCBuildConfiguration section */
		E21E8BC925A46AE900CDCC11 /* Debug */ = {
			isa = XCBuildConfiguration;
			buildSettings = {
				CODE_SIGN_STYLE = Automatic;
				DEVELOPMENT_TEAM = FG32Z66U68;
				INFOPLIST_FILE = movie_dbUITests/Info.plist;
				IPHONEOS_DEPLOYMENT_TARGET = 14.3;
				LD_RUNPATH_SEARCH_PATHS = (
					"$(inherited)",
					"@executable_path/Frameworks",
					"@loader_path/Frameworks",
				);
				PRODUCT_BUNDLE_IDENTIFIER = "com.viktory.movie-dbUITests";
				PRODUCT_NAME = "$(TARGET_NAME)";
				SWIFT_VERSION = 5.0;
				TARGETED_DEVICE_FAMILY = "1,2";
				TEST_TARGET_NAME = movie_db;
			};
			name = Debug;
		};
		E21E8BCA25A46AE900CDCC11 /* Release */ = {
			isa = XCBuildConfiguration;
			buildSettings = {
				CODE_SIGN_STYLE = Automatic;
				DEVELOPMENT_TEAM = FG32Z66U68;
				INFOPLIST_FILE = movie_dbUITests/Info.plist;
				IPHONEOS_DEPLOYMENT_TARGET = 14.3;
				LD_RUNPATH_SEARCH_PATHS = (
					"$(inherited)",
					"@executable_path/Frameworks",
					"@loader_path/Frameworks",
				);
				PRODUCT_BUNDLE_IDENTIFIER = "com.viktory.movie-dbUITests";
				PRODUCT_NAME = "$(TARGET_NAME)";
				SWIFT_VERSION = 5.0;
				TARGETED_DEVICE_FAMILY = "1,2";
				TEST_TARGET_NAME = movie_db;
			};
			name = Release;
		};
		E263E47B25239CBB00BB1C9B /* Debug */ = {
			isa = XCBuildConfiguration;
			buildSettings = {
				ALWAYS_SEARCH_USER_PATHS = NO;
				CLANG_ANALYZER_NONNULL = YES;
				CLANG_ANALYZER_NUMBER_OBJECT_CONVERSION = YES_AGGRESSIVE;
				CLANG_CXX_LANGUAGE_STANDARD = "gnu++14";
				CLANG_CXX_LIBRARY = "libc++";
				CLANG_ENABLE_MODULES = YES;
				CLANG_ENABLE_OBJC_ARC = YES;
				CLANG_ENABLE_OBJC_WEAK = YES;
				CLANG_WARN_BLOCK_CAPTURE_AUTORELEASING = YES;
				CLANG_WARN_BOOL_CONVERSION = YES;
				CLANG_WARN_COMMA = YES;
				CLANG_WARN_CONSTANT_CONVERSION = YES;
				CLANG_WARN_DEPRECATED_OBJC_IMPLEMENTATIONS = YES;
				CLANG_WARN_DIRECT_OBJC_ISA_USAGE = YES_ERROR;
				CLANG_WARN_DOCUMENTATION_COMMENTS = YES;
				CLANG_WARN_EMPTY_BODY = YES;
				CLANG_WARN_ENUM_CONVERSION = YES;
				CLANG_WARN_INFINITE_RECURSION = YES;
				CLANG_WARN_INT_CONVERSION = YES;
				CLANG_WARN_NON_LITERAL_NULL_CONVERSION = YES;
				CLANG_WARN_OBJC_IMPLICIT_RETAIN_SELF = YES;
				CLANG_WARN_OBJC_LITERAL_CONVERSION = YES;
				CLANG_WARN_OBJC_ROOT_CLASS = YES_ERROR;
				CLANG_WARN_QUOTED_INCLUDE_IN_FRAMEWORK_HEADER = YES;
				CLANG_WARN_RANGE_LOOP_ANALYSIS = YES;
				CLANG_WARN_STRICT_PROTOTYPES = YES;
				CLANG_WARN_SUSPICIOUS_MOVE = YES;
				CLANG_WARN_UNGUARDED_AVAILABILITY = YES_AGGRESSIVE;
				CLANG_WARN_UNREACHABLE_CODE = YES;
				CLANG_WARN__DUPLICATE_METHOD_MATCH = YES;
				COPY_PHASE_STRIP = NO;
				DEBUG_INFORMATION_FORMAT = dwarf;
				ENABLE_STRICT_OBJC_MSGSEND = YES;
				ENABLE_TESTABILITY = YES;
				GCC_C_LANGUAGE_STANDARD = gnu11;
				GCC_DYNAMIC_NO_PIC = NO;
				GCC_NO_COMMON_BLOCKS = YES;
				GCC_OPTIMIZATION_LEVEL = 0;
				GCC_PREPROCESSOR_DEFINITIONS = (
					"DEBUG=1",
					"$(inherited)",
				);
				GCC_WARN_64_TO_32_BIT_CONVERSION = YES;
				GCC_WARN_ABOUT_RETURN_TYPE = YES_ERROR;
				GCC_WARN_UNDECLARED_SELECTOR = YES;
				GCC_WARN_UNINITIALIZED_AUTOS = YES_AGGRESSIVE;
				GCC_WARN_UNUSED_FUNCTION = YES;
				GCC_WARN_UNUSED_VARIABLE = YES;
				IPHONEOS_DEPLOYMENT_TARGET = 14.0;
				MTL_ENABLE_DEBUG_INFO = INCLUDE_SOURCE;
				MTL_FAST_MATH = YES;
				ONLY_ACTIVE_ARCH = YES;
				SDKROOT = iphoneos;
				SWIFT_ACTIVE_COMPILATION_CONDITIONS = DEBUG;
				SWIFT_OPTIMIZATION_LEVEL = "-Onone";
			};
			name = Debug;
		};
		E263E47C25239CBB00BB1C9B /* Release */ = {
			isa = XCBuildConfiguration;
			buildSettings = {
				ALWAYS_SEARCH_USER_PATHS = NO;
				CLANG_ANALYZER_NONNULL = YES;
				CLANG_ANALYZER_NUMBER_OBJECT_CONVERSION = YES_AGGRESSIVE;
				CLANG_CXX_LANGUAGE_STANDARD = "gnu++14";
				CLANG_CXX_LIBRARY = "libc++";
				CLANG_ENABLE_MODULES = YES;
				CLANG_ENABLE_OBJC_ARC = YES;
				CLANG_ENABLE_OBJC_WEAK = YES;
				CLANG_WARN_BLOCK_CAPTURE_AUTORELEASING = YES;
				CLANG_WARN_BOOL_CONVERSION = YES;
				CLANG_WARN_COMMA = YES;
				CLANG_WARN_CONSTANT_CONVERSION = YES;
				CLANG_WARN_DEPRECATED_OBJC_IMPLEMENTATIONS = YES;
				CLANG_WARN_DIRECT_OBJC_ISA_USAGE = YES_ERROR;
				CLANG_WARN_DOCUMENTATION_COMMENTS = YES;
				CLANG_WARN_EMPTY_BODY = YES;
				CLANG_WARN_ENUM_CONVERSION = YES;
				CLANG_WARN_INFINITE_RECURSION = YES;
				CLANG_WARN_INT_CONVERSION = YES;
				CLANG_WARN_NON_LITERAL_NULL_CONVERSION = YES;
				CLANG_WARN_OBJC_IMPLICIT_RETAIN_SELF = YES;
				CLANG_WARN_OBJC_LITERAL_CONVERSION = YES;
				CLANG_WARN_OBJC_ROOT_CLASS = YES_ERROR;
				CLANG_WARN_QUOTED_INCLUDE_IN_FRAMEWORK_HEADER = YES;
				CLANG_WARN_RANGE_LOOP_ANALYSIS = YES;
				CLANG_WARN_STRICT_PROTOTYPES = YES;
				CLANG_WARN_SUSPICIOUS_MOVE = YES;
				CLANG_WARN_UNGUARDED_AVAILABILITY = YES_AGGRESSIVE;
				CLANG_WARN_UNREACHABLE_CODE = YES;
				CLANG_WARN__DUPLICATE_METHOD_MATCH = YES;
				COPY_PHASE_STRIP = NO;
				DEBUG_INFORMATION_FORMAT = "dwarf-with-dsym";
				ENABLE_NS_ASSERTIONS = NO;
				ENABLE_STRICT_OBJC_MSGSEND = YES;
				GCC_C_LANGUAGE_STANDARD = gnu11;
				GCC_NO_COMMON_BLOCKS = YES;
				GCC_WARN_64_TO_32_BIT_CONVERSION = YES;
				GCC_WARN_ABOUT_RETURN_TYPE = YES_ERROR;
				GCC_WARN_UNDECLARED_SELECTOR = YES;
				GCC_WARN_UNINITIALIZED_AUTOS = YES_AGGRESSIVE;
				GCC_WARN_UNUSED_FUNCTION = YES;
				GCC_WARN_UNUSED_VARIABLE = YES;
				IPHONEOS_DEPLOYMENT_TARGET = 14.0;
				MTL_ENABLE_DEBUG_INFO = NO;
				MTL_FAST_MATH = YES;
				SDKROOT = iphoneos;
				SWIFT_COMPILATION_MODE = wholemodule;
				SWIFT_OPTIMIZATION_LEVEL = "-O";
				VALIDATE_PRODUCT = YES;
			};
			name = Release;
		};
		E263E47E25239CBB00BB1C9B /* Debug */ = {
			isa = XCBuildConfiguration;
			buildSettings = {
				ASSETCATALOG_COMPILER_APPICON_NAME = AppIcon;
				ASSETCATALOG_COMPILER_GLOBAL_ACCENT_COLOR_NAME = AccentColor;
				CODE_SIGN_STYLE = Automatic;
				DEVELOPMENT_TEAM = FG32Z66U68;
				INFOPLIST_FILE = movie_db/Info.plist;
				LD_RUNPATH_SEARCH_PATHS = (
					"$(inherited)",
					"@executable_path/Frameworks",
				);
				PRODUCT_BUNDLE_IDENTIFIER = "com.viktory.movie-db";
				PRODUCT_NAME = "$(TARGET_NAME)";
				SWIFT_VERSION = 5.0;
				TARGETED_DEVICE_FAMILY = "1,2";
			};
			name = Debug;
		};
		E263E47F25239CBB00BB1C9B /* Release */ = {
			isa = XCBuildConfiguration;
			buildSettings = {
				ASSETCATALOG_COMPILER_APPICON_NAME = AppIcon;
				ASSETCATALOG_COMPILER_GLOBAL_ACCENT_COLOR_NAME = AccentColor;
				CODE_SIGN_STYLE = Automatic;
				DEVELOPMENT_TEAM = FG32Z66U68;
				INFOPLIST_FILE = movie_db/Info.plist;
				LD_RUNPATH_SEARCH_PATHS = (
					"$(inherited)",
					"@executable_path/Frameworks",
				);
				PRODUCT_BUNDLE_IDENTIFIER = "com.viktory.movie-db";
				PRODUCT_NAME = "$(TARGET_NAME)";
				SWIFT_VERSION = 5.0;
				TARGETED_DEVICE_FAMILY = "1,2";
			};
			name = Release;
		};
/* End XCBuildConfiguration section */

/* Begin XCConfigurationList section */
		E21E8BC825A46AE900CDCC11 /* Build configuration list for PBXNativeTarget "movie_dbUITests" */ = {
			isa = XCConfigurationList;
			buildConfigurations = (
				E21E8BC925A46AE900CDCC11 /* Debug */,
				E21E8BCA25A46AE900CDCC11 /* Release */,
			);
			defaultConfigurationIsVisible = 0;
			defaultConfigurationName = Release;
		};
		E263E46425239CBA00BB1C9B /* Build configuration list for PBXProject "movie_db" */ = {
			isa = XCConfigurationList;
			buildConfigurations = (
				E263E47B25239CBB00BB1C9B /* Debug */,
				E263E47C25239CBB00BB1C9B /* Release */,
			);
			defaultConfigurationIsVisible = 0;
			defaultConfigurationName = Release;
		};
		E263E47D25239CBB00BB1C9B /* Build configuration list for PBXNativeTarget "movie_db" */ = {
			isa = XCConfigurationList;
			buildConfigurations = (
				E263E47E25239CBB00BB1C9B /* Debug */,
				E263E47F25239CBB00BB1C9B /* Release */,
			);
			defaultConfigurationIsVisible = 0;
			defaultConfigurationName = Release;
		};
/* End XCConfigurationList section */

/* Begin XCRemoteSwiftPackageReference section */
		E282EFC1259A46520075603E /* XCRemoteSwiftPackageReference "Kingfisher" */ = {
			isa = XCRemoteSwiftPackageReference;
			repositoryURL = "https://github.com/onevcat/Kingfisher";
			requirement = {
				kind = upToNextMajorVersion;
				minimumVersion = 5.15.8;
			};
		};
/* End XCRemoteSwiftPackageReference section */

/* Begin XCSwiftPackageProductDependency section */
		E282EFC2259A46520075603E /* Kingfisher */ = {
			isa = XCSwiftPackageProductDependency;
			package = E282EFC1259A46520075603E /* XCRemoteSwiftPackageReference "Kingfisher" */;
			productName = Kingfisher;
		};
/* End XCSwiftPackageProductDependency section */
	};
	rootObject = E263E46125239CBA00BB1C9B /* Project object */;
}
